
Microsoft Visual Studio Solution File, Format Version 12.00
# Visual Studio Version 17
VisualStudioVersion = 17.0.31903.59
MinimumVisualStudioVersion = 10.0.40219.1
Project("{2150E333-8FDC-42A3-9474-1A3956D46DE8}") = "01.Api", "01.Api", "{9D4CB0BA-7678-4C5D-A601-14190E0D4283}"
EndProject
Project("{FAE04EC0-301F-11D3-BF4B-00C04F79EFBC}") = "Colegio.Api", "01.Api\Colegio.Api\Colegio.Api.csproj", "{ACCDD09A-616A-41DA-8EAF-8E1503751E06}"
EndProject
Project("{2150E333-8FDC-42A3-9474-1A3956D46DE8}") = "02.Negocio", "02.Negocio", "{ED79E8A2-2F92-4CB2-951A-8E8F425FD9F6}"
EndProject
Project("{FAE04EC0-301F-11D3-BF4B-00C04F79EFBC}") = "Colegio.INegocio", "02.Negocio\Colegio.INegocio\Colegio.INegocio.csproj", "{45E048BA-D4A9-46E2-A043-5E5F198636DD}"
EndProject
Project("{FAE04EC0-301F-11D3-BF4B-00C04F79EFBC}") = "Colegio.Negocio", "02.Negocio\Colegio.Negocio\Colegio.Negocio.csproj", "{48917448-C97F-4042-86FD-6C64EBA03C50}"
EndProject
Project("{2150E333-8FDC-42A3-9474-1A3956D46DE8}") = "03.Servicios", "03.Servicios", "{D62AE817-0C64-4AB4-A812-6717F396BC57}"
EndProject
Project("{FAE04EC0-301F-11D3-BF4B-00C04F79EFBC}") = "Colegio.IServicios", "03.Servicios\Colegio.IServicios\Colegio.IServicios.csproj", "{FDCE1545-FDF2-489C-A4FB-BD0B9D528A81}"
EndProject
Project("{FAE04EC0-301F-11D3-BF4B-00C04F79EFBC}") = "Colegio.Servicio", "03.Servicios\Colegio.Servicio\Colegio.Servicio.csproj", "{2E69C16F-9960-485E-8239-3443557B286C}"
EndProject
Project("{2150E333-8FDC-42A3-9474-1A3956D46DE8}") = "04.Repositorios", "04.Repositorios", "{2C5A5E45-0433-4022-AEB6-DB9185B520BE}"
EndProject
Project("{FAE04EC0-301F-11D3-BF4B-00C04F79EFBC}") = "Colegio.IRepositorio", "04.Repositorios\Colegio.IRepositorio\Colegio.IRepositorio.csproj", "{EF235858-7187-4968-8802-B34766D69161}"
EndProject
Project("{2150E333-8FDC-42A3-9474-1A3956D46DE8}") = "05.Modelo", "05.Modelo", "{F9FBA85E-3A81-43B4-8F3A-4EF0F6F252D0}"
EndProject
Project("{FAE04EC0-301F-11D3-BF4B-00C04F79EFBC}") = "Colegio.Db.Model", "05.Modelo\Colegio.Db.Model\Colegio.Db.Model.csproj", "{6CF55966-1B10-4A6D-83C2-E59242CD1C2A}"
EndProject
Project("{FAE04EC0-301F-11D3-BF4B-00C04F79EFBC}") = "Colegio.ModeloComun", "05.Modelo\Colegio.ModeloComun\Colegio.ModeloComun.csproj", "{5FBA9D9E-68C4-4BE3-91A6-80B3CA80C18A}"
EndProject
Project("{FAE04EC0-301F-11D3-BF4B-00C04F79EFBC}") = "Colegio.RequestResponse", "05.Modelo\Colegio.RequestResponse\Colegio.RequestResponse.csproj", "{D166E8AA-F113-4BC9-BD56-57448E1B7A43}"
EndProject
Project("{2150E333-8FDC-42A3-9474-1A3956D46DE8}") = "06.Utilitarios", "06.Utilitarios", "{4DD96DC8-948F-4A66-ACD6-CB23C42CED35}"
EndProject
Project("{FAE04EC0-301F-11D3-BF4B-00C04F79EFBC}") = "Colegio.Utilitarios", "06.Utilitarios\Colegio.Utilitarios\Colegio.Utilitarios.csproj", "{B7286976-2D7A-413F-88A4-1638883B5E20}"
EndProject
Project("{FAE04EC0-301F-11D3-BF4B-00C04F79EFBC}") = "Colegio.Repositorio", "04.Repositorios\Colegio.Repositorio\Colegio.Repositorio.csproj", "{A4F16C32-E6D6-4388-B089-824DF9BD25A6}"
EndProject
Global
	GlobalSection(SolutionConfigurationPlatforms) = preSolution
		Debug|Any CPU = Debug|Any CPU
		Release|Any CPU = Release|Any CPU
	EndGlobalSection
	GlobalSection(SolutionProperties) = preSolution
		HideSolutionNode = FALSE
	EndGlobalSection
	GlobalSection(ProjectConfigurationPlatforms) = postSolution
		{6DE5882D-AA93-4DF5-8A64-1146BDBFCA67}.Debug|Any CPU.ActiveCfg = Debug|Any CPU
		{6DE5882D-AA93-4DF5-8A64-1146BDBFCA67}.Debug|Any CPU.Build.0 = Debug|Any CPU
		{6DE5882D-AA93-4DF5-8A64-1146BDBFCA67}.Release|Any CPU.ActiveCfg = Release|Any CPU
		{6DE5882D-AA93-4DF5-8A64-1146BDBFCA67}.Release|Any CPU.Build.0 = Release|Any CPU
		{ACCDD09A-616A-41DA-8EAF-8E1503751E06}.Debug|Any CPU.ActiveCfg = Debug|Any CPU
		{ACCDD09A-616A-41DA-8EAF-8E1503751E06}.Debug|Any CPU.Build.0 = Debug|Any CPU
		{ACCDD09A-616A-41DA-8EAF-8E1503751E06}.Release|Any CPU.ActiveCfg = Release|Any CPU
		{ACCDD09A-616A-41DA-8EAF-8E1503751E06}.Release|Any CPU.Build.0 = Release|Any CPU
		{45E048BA-D4A9-46E2-A043-5E5F198636DD}.Debug|Any CPU.ActiveCfg = Debug|Any CPU
		{45E048BA-D4A9-46E2-A043-5E5F198636DD}.Debug|Any CPU.Build.0 = Debug|Any CPU
		{45E048BA-D4A9-46E2-A043-5E5F198636DD}.Release|Any CPU.ActiveCfg = Release|Any CPU
		{45E048BA-D4A9-46E2-A043-5E5F198636DD}.Release|Any CPU.Build.0 = Release|Any CPU
		{48917448-C97F-4042-86FD-6C64EBA03C50}.Debug|Any CPU.ActiveCfg = Debug|Any CPU
		{48917448-C97F-4042-86FD-6C64EBA03C50}.Debug|Any CPU.Build.0 = Debug|Any CPU
		{48917448-C97F-4042-86FD-6C64EBA03C50}.Release|Any CPU.ActiveCfg = Release|Any CPU
		{48917448-C97F-4042-86FD-6C64EBA03C50}.Release|Any CPU.Build.0 = Release|Any CPU
		{FDCE1545-FDF2-489C-A4FB-BD0B9D528A81}.Debug|Any CPU.ActiveCfg = Debug|Any CPU
		{FDCE1545-FDF2-489C-A4FB-BD0B9D528A81}.Debug|Any CPU.Build.0 = Debug|Any CPU
		{FDCE1545-FDF2-489C-A4FB-BD0B9D528A81}.Release|Any CPU.ActiveCfg = Release|Any CPU
		{FDCE1545-FDF2-489C-A4FB-BD0B9D528A81}.Release|Any CPU.Build.0 = Release|Any CPU
		{2E69C16F-9960-485E-8239-3443557B286C}.Debug|Any CPU.ActiveCfg = Debug|Any CPU
		{2E69C16F-9960-485E-8239-3443557B286C}.Debug|Any CPU.Build.0 = Debug|Any CPU
		{2E69C16F-9960-485E-8239-3443557B286C}.Release|Any CPU.ActiveCfg = Release|Any CPU
		{2E69C16F-9960-485E-8239-3443557B286C}.Release|Any CPU.Build.0 = Release|Any CPU
		{92619E3F-C05D-4A1C-8914-0CC6815ADC1D}.Debug|Any CPU.ActiveCfg = Debug|Any CPU
		{92619E3F-C05D-4A1C-8914-0CC6815ADC1D}.Debug|Any CPU.Build.0 = Debug|Any CPU
		{92619E3F-C05D-4A1C-8914-0CC6815ADC1D}.Release|Any CPU.ActiveCfg = Release|Any CPU
		{92619E3F-C05D-4A1C-8914-0CC6815ADC1D}.Release|Any CPU.Build.0 = Release|Any CPU
		{EF235858-7187-4968-8802-B34766D69161}.Debug|Any CPU.ActiveCfg = Debug|Any CPU
		{EF235858-7187-4968-8802-B34766D69161}.Debug|Any CPU.Build.0 = Debug|Any CPU
		{EF235858-7187-4968-8802-B34766D69161}.Release|Any CPU.ActiveCfg = Release|Any CPU
		{EF235858-7187-4968-8802-B34766D69161}.Release|Any CPU.Build.0 = Release|Any CPU
		{6CF55966-1B10-4A6D-83C2-E59242CD1C2A}.Debug|Any CPU.ActiveCfg = Debug|Any CPU
		{6CF55966-1B10-4A6D-83C2-E59242CD1C2A}.Debug|Any CPU.Build.0 = Debug|Any CPU
		{6CF55966-1B10-4A6D-83C2-E59242CD1C2A}.Release|Any CPU.ActiveCfg = Release|Any CPU
		{6CF55966-1B10-4A6D-83C2-E59242CD1C2A}.Release|Any CPU.Build.0 = Release|Any CPU
		{5FBA9D9E-68C4-4BE3-91A6-80B3CA80C18A}.Debug|Any CPU.ActiveCfg = Debug|Any CPU
		{5FBA9D9E-68C4-4BE3-91A6-80B3CA80C18A}.Debug|Any CPU.Build.0 = Debug|Any CPU
		{5FBA9D9E-68C4-4BE3-91A6-80B3CA80C18A}.Release|Any CPU.ActiveCfg = Release|Any CPU
		{5FBA9D9E-68C4-4BE3-91A6-80B3CA80C18A}.Release|Any CPU.Build.0 = Release|Any CPU
		{D166E8AA-F113-4BC9-BD56-57448E1B7A43}.Debug|Any CPU.ActiveCfg = Debug|Any CPU
		{D166E8AA-F113-4BC9-BD56-57448E1B7A43}.Debug|Any CPU.Build.0 = Debug|Any CPU
		{D166E8AA-F113-4BC9-BD56-57448E1B7A43}.Release|Any CPU.ActiveCfg = Release|Any CPU
		{D166E8AA-F113-4BC9-BD56-57448E1B7A43}.Release|Any CPU.Build.0 = Release|Any CPU
		{B7286976-2D7A-413F-88A4-1638883B5E20}.Debug|Any CPU.ActiveCfg = Debug|Any CPU
		{B7286976-2D7A-413F-88A4-1638883B5E20}.Debug|Any CPU.Build.0 = Debug|Any CPU
		{B7286976-2D7A-413F-88A4-1638883B5E20}.Release|Any CPU.ActiveCfg = Release|Any CPU
		{B7286976-2D7A-413F-88A4-1638883B5E20}.Release|Any CPU.Build.0 = Release|Any CPU
		{A4F16C32-E6D6-4388-B089-824DF9BD25A6}.Debug|Any CPU.ActiveCfg = Debug|Any CPU
		{A4F16C32-E6D6-4388-B089-824DF9BD25A6}.Debug|Any CPU.Build.0 = Debug|Any CPU
		{A4F16C32-E6D6-4388-B089-824DF9BD25A6}.Release|Any CPU.ActiveCfg = Release|Any CPU
		{A4F16C32-E6D6-4388-B089-824DF9BD25A6}.Release|Any CPU.Build.0 = Release|Any CPU
	EndGlobalSection
	GlobalSection(NestedProjects) = preSolution
		{ACCDD09A-616A-41DA-8EAF-8E1503751E06} = {9D4CB0BA-7678-4C5D-A601-14190E0D4283}
		{45E048BA-D4A9-46E2-A043-5E5F198636DD} = {ED79E8A2-2F92-4CB2-951A-8E8F425FD9F6}
		{48917448-C97F-4042-86FD-6C64EBA03C50} = {ED79E8A2-2F92-4CB2-951A-8E8F425FD9F6}
		{FDCE1545-FDF2-489C-A4FB-BD0B9D528A81} = {D62AE817-0C64-4AB4-A812-6717F396BC57}
		{2E69C16F-9960-485E-8239-3443557B286C} = {D62AE817-0C64-4AB4-A812-6717F396BC57}
		{92619E3F-C05D-4A1C-8914-0CC6815ADC1D} = {2C5A5E45-0433-4022-AEB6-DB9185B520BE}
		{EF235858-7187-4968-8802-B34766D69161} = {2C5A5E45-0433-4022-AEB6-DB9185B520BE}
		{6CF55966-1B10-4A6D-83C2-E59242CD1C2A} = {F9FBA85E-3A81-43B4-8F3A-4EF0F6F252D0}
		{5FBA9D9E-68C4-4BE3-91A6-80B3CA80C18A} = {F9FBA85E-3A81-43B4-8F3A-4EF0F6F252D0}
		{D166E8AA-F113-4BC9-BD56-57448E1B7A43} = {F9FBA85E-3A81-43B4-8F3A-4EF0F6F252D0}
		{B7286976-2D7A-413F-88A4-1638883B5E20} = {4DD96DC8-948F-4A66-ACD6-CB23C42CED35}
		{A4F16C32-E6D6-4388-B089-824DF9BD25A6} = {2C5A5E45-0433-4022-AEB6-DB9185B520BE}
	EndGlobalSection
EndGlobal
